# This file was autogenerated by uv via the following command:
#    uv pip compile pyproject.toml
aiofiles==25.1.0
    # via arena-rosnav (pyproject.toml)
annotated-types==0.7.0
    # via pydantic
anyio==4.12.1
    # via
    #   google-genai
    #   httpx
    #   openai
    #   watchfiles
argcomplete==3.6.3
    # via colcon-argcomplete
attrs==25.4.0
    # via
    #   arena-rosnav (pyproject.toml)
    #   cattrs
    #   jsonschema
    #   referencing
backoff==2.2.1
    # via posthog
bcrypt==5.0.0
    # via chromadb
build==1.4.0
    # via chromadb
catkin-pkg==1.1.0
    # via
    #   colcon-ros
    #   rosdep
    #   rosdistro
    #   rospkg
cattrs==25.3.0
    # via arena-rosnav (pyproject.toml)
certifi==2026.1.4
    # via
    #   httpcore
    #   httpx
    #   kubernetes
    #   requests
cffi==2.0.0
    # via cryptography
charset-normalizer==3.4.4
    # via requests
chromadb==1.4.1
    # via arena-rosnav (pyproject.toml)
click==8.3.1
    # via
    #   typer
    #   typer-slim
    #   uvicorn
colcon-argcomplete==0.3.3
    # via colcon-common-extensions
colcon-bash==0.5.0
    # via colcon-common-extensions
colcon-cd==0.1.1
    # via colcon-common-extensions
colcon-cmake==0.2.29
    # via
    #   colcon-common-extensions
    #   colcon-ros
colcon-common-extensions==0.3.0
    # via arena-rosnav (pyproject.toml)
colcon-core==0.20.1
    # via
    #   colcon-argcomplete
    #   colcon-bash
    #   colcon-cd
    #   colcon-cmake
    #   colcon-common-extensions
    #   colcon-defaults
    #   colcon-devtools
    #   colcon-library-path
    #   colcon-metadata
    #   colcon-notification
    #   colcon-output
    #   colcon-package-information
    #   colcon-package-selection
    #   colcon-parallel-executor
    #   colcon-pkg-config
    #   colcon-powershell
    #   colcon-python-setup-py
    #   colcon-recursive-crawl
    #   colcon-ros
    #   colcon-test-result
    #   colcon-zsh
colcon-defaults==0.2.9
    # via colcon-common-extensions
colcon-devtools==0.3.0
    # via colcon-common-extensions
colcon-library-path==0.2.1
    # via
    #   colcon-cmake
    #   colcon-common-extensions
colcon-metadata==0.2.5
    # via colcon-common-extensions
colcon-notification==0.3.0
    # via colcon-common-extensions
colcon-output==0.2.13
    # via colcon-common-extensions
colcon-package-information==0.4.0
    # via
    #   colcon-cd
    #   colcon-common-extensions
colcon-package-selection==0.2.10
    # via colcon-common-extensions
colcon-parallel-executor==0.4.0
    # via colcon-common-extensions
colcon-pkg-config==0.1.0
    # via colcon-ros
colcon-powershell==0.4.0
    # via colcon-common-extensions
colcon-python-setup-py==0.2.9
    # via
    #   colcon-common-extensions
    #   colcon-ros
colcon-recursive-crawl==0.2.3
    # via
    #   colcon-common-extensions
    #   colcon-ros
colcon-ros==0.5.0
    # via colcon-common-extensions
colcon-test-result==0.3.8
    # via
    #   colcon-cmake
    #   colcon-common-extensions
colcon-zsh==0.5.0
    # via colcon-common-extensions
coloredlogs==15.0.1
    # via onnxruntime
colourings==1.0.0
    # via arena-rosnav (pyproject.toml)
coverage==7.13.3
    # via pytest-cov
cryptography==46.0.4
    # via google-auth
defusedxml==0.7.1
    # via arena-rosnav (pyproject.toml)
distlib==0.4.0
    # via colcon-core
distro==1.9.0
    # via
    #   google-genai
    #   openai
    #   posthog
    #   rospkg
docutils==0.22.4
    # via catkin-pkg
durationpy==0.10
    # via kubernetes
empy==4.2
    # via
    #   arena-rosnav (pyproject.toml)
    #   colcon-core
filelock==3.20.3
    # via
    #   arena-rosnav (pyproject.toml)
    #   huggingface-hub
flatbuffers==25.12.19
    # via onnxruntime
fsspec==2026.1.0
    # via huggingface-hub
google-auth==2.48.0
    # via google-genai
google-genai==1.61.0
    # via arena-rosnav (pyproject.toml)
googleapis-common-protos==1.72.0
    # via opentelemetry-exporter-otlp-proto-grpc
grpcio==1.76.0
    # via
    #   chromadb
    #   opentelemetry-exporter-otlp-proto-grpc
h11==0.16.0
    # via
    #   httpcore
    #   uvicorn
hf-xet==1.2.0
    # via huggingface-hub
httpcore==1.0.9
    # via httpx
httptools==0.7.1
    # via uvicorn
httpx==0.28.1
    # via
    #   chromadb
    #   google-genai
    #   huggingface-hub
    #   openai
huggingface-hub==1.4.0
    # via tokenizers
humanfriendly==10.0
    # via coloredlogs
idna==3.11
    # via
    #   anyio
    #   httpx
    #   requests
importlib-metadata==8.7.1
    # via opentelemetry-api
importlib-resources==6.5.2
    # via chromadb
iniconfig==2.3.0
    # via pytest
jiter==0.13.0
    # via openai
jsonschema==4.26.0
    # via chromadb
jsonschema-specifications==2025.9.1
    # via jsonschema
kubernetes==35.0.0
    # via chromadb
lark==1.3.1
    # via arena-rosnav (pyproject.toml)
lxml==6.0.2
    # via arena-rosnav (pyproject.toml)
markdown-it-py==4.0.0
    # via rich
mdurl==0.1.2
    # via markdown-it-py
mmh3==5.2.0
    # via chromadb
mpmath==1.3.0
    # via sympy
netifaces==0.11.0
    # via arena-rosnav (pyproject.toml)
notify2==0.3.1
    # via colcon-notification
numpy==2.4.2
    # via
    #   arena-rosnav (pyproject.toml)
    #   chromadb
    #   onnxruntime
    #   opencv-python
    #   pycollada
    #   scipy
    #   shapely
    #   transforms3d
oauthlib==3.3.1
    # via requests-oauthlib
onnxruntime==1.23.2
    # via chromadb
openai==2.16.0
    # via arena-rosnav (pyproject.toml)
opencv-python==4.13.0.90
    # via arena-rosnav (pyproject.toml)
opentelemetry-api==1.39.1
    # via
    #   chromadb
    #   opentelemetry-exporter-otlp-proto-grpc
    #   opentelemetry-sdk
    #   opentelemetry-semantic-conventions
opentelemetry-exporter-otlp-proto-common==1.39.1
    # via opentelemetry-exporter-otlp-proto-grpc
opentelemetry-exporter-otlp-proto-grpc==1.39.1
    # via chromadb
opentelemetry-proto==1.39.1
    # via
    #   opentelemetry-exporter-otlp-proto-common
    #   opentelemetry-exporter-otlp-proto-grpc
opentelemetry-sdk==1.39.1
    # via
    #   chromadb
    #   opentelemetry-exporter-otlp-proto-grpc
opentelemetry-semantic-conventions==0.60b1
    # via opentelemetry-sdk
orjson==3.11.7
    # via chromadb
overrides==7.7.0
    # via chromadb
packaging==26.0
    # via
    #   build
    #   catkin-pkg
    #   colcon-cmake
    #   colcon-core
    #   colcon-devtools
    #   colcon-package-information
    #   huggingface-hub
    #   onnxruntime
    #   pytest
    #   pytest-rerunfailures
pillow==12.1.0
    # via arena-rosnav (pyproject.toml)
pip==26.0
    # via arena-rosnav (pyproject.toml)
pluggy==1.6.0
    # via
    #   pytest
    #   pytest-cov
posthog==5.4.0
    # via chromadb
protobuf==6.33.5
    # via
    #   googleapis-common-protos
    #   onnxruntime
    #   opentelemetry-proto
pyasn1==0.6.2
    # via
    #   pyasn1-modules
    #   rsa
pyasn1-modules==0.4.2
    # via google-auth
pybase64==1.4.3
    # via chromadb
pycollada==0.9.3
    # via arena-rosnav (pyproject.toml)
pycparser==3.0
    # via cffi
pydantic==2.12.5
    # via
    #   arena-rosnav (pyproject.toml)
    #   chromadb
    #   google-genai
    #   openai
pydantic-core==2.41.5
    # via pydantic
pygments==2.19.2
    # via
    #   pytest
    #   rich
pyparsing==3.3.2
    # via catkin-pkg
pypika==0.51.1
    # via chromadb
pyproject-hooks==1.2.0
    # via build
pytest==9.0.2
    # via
    #   arena-rosnav (pyproject.toml)
    #   colcon-core
    #   pytest-cov
    #   pytest-repeat
    #   pytest-rerunfailures
pytest-cov==7.0.0
    # via colcon-core
pytest-repeat==0.9.4
    # via colcon-core
pytest-rerunfailures==16.1
    # via colcon-core
python-dateutil==2.9.0.post0
    # via
    #   catkin-pkg
    #   kubernetes
    #   posthog
    #   pycollada
python-dotenv==1.2.1
    # via uvicorn
pyyaml==6.0.3
    # via
    #   arena-rosnav (pyproject.toml)
    #   chromadb
    #   colcon-defaults
    #   colcon-metadata
    #   huggingface-hub
    #   kubernetes
    #   rosdep
    #   rosdistro
    #   rospkg
    #   uvicorn
referencing==0.37.0
    # via
    #   jsonschema
    #   jsonschema-specifications
requests==2.32.5
    # via
    #   arena-rosnav (pyproject.toml)
    #   google-auth
    #   google-genai
    #   kubernetes
    #   posthog
    #   requests-oauthlib
requests-oauthlib==2.0.0
    # via kubernetes
rich==14.3.2
    # via
    #   chromadb
    #   typer
rosdep==0.26.0
    # via arena-rosnav (pyproject.toml)
rosdistro==1.0.1
    # via rosdep
rospkg==1.6.1
    # via
    #   rosdep
    #   rosdistro
rpds-py==0.30.0
    # via
    #   jsonschema
    #   referencing
rsa==4.9.1
    # via google-auth
scipy==1.17.0
    # via arena-rosnav (pyproject.toml)
setuptools==79.0.1
    # via
    #   arena-rosnav (pyproject.toml)
    #   catkin-pkg
    #   colcon-core
    #   colcon-python-setup-py
    #   rosdistro
shapely==2.1.2
    # via arena-rosnav (pyproject.toml)
shellingham==1.5.4
    # via
    #   huggingface-hub
    #   typer
six==1.17.0
    # via
    #   kubernetes
    #   posthog
    #   python-dateutil
sniffio==1.3.1
    # via
    #   google-genai
    #   openai
sympy==1.14.0
    # via onnxruntime
tenacity==9.1.2
    # via
    #   chromadb
    #   google-genai
tokenizers==0.22.2
    # via chromadb
tqdm==4.67.3
    # via
    #   chromadb
    #   huggingface-hub
    #   openai
transforms3d==0.4.2
    # via arena-rosnav (pyproject.toml)
typer==0.21.1
    # via chromadb
typer-slim==0.21.1
    # via huggingface-hub
typing-extensions==4.15.0
    # via
    #   anyio
    #   cattrs
    #   chromadb
    #   google-genai
    #   grpcio
    #   huggingface-hub
    #   openai
    #   opentelemetry-api
    #   opentelemetry-exporter-otlp-proto-grpc
    #   opentelemetry-sdk
    #   opentelemetry-semantic-conventions
    #   pydantic
    #   pydantic-core
    #   referencing
    #   typer
    #   typer-slim
    #   typing-inspection
typing-inspection==0.4.2
    # via pydantic
urllib3==2.6.3
    # via
    #   kubernetes
    #   requests
usd-core==25.11
    # via arena-rosnav (pyproject.toml)
uvicorn==0.40.0
    # via chromadb
uvloop==0.22.1
    # via uvicorn
watchdog==6.0.0
    # via arena-rosnav (pyproject.toml)
watchfiles==1.1.1
    # via uvicorn
websocket-client==1.9.0
    # via kubernetes
websockets==15.0.1
    # via
    #   google-genai
    #   uvicorn
zipp==3.23.0
    # via importlib-metadata
